
Microsoft Visual Studio Solution File, Format Version 12.00
# Visual Studio Version 17
VisualStudioVersion = 17.8.34330.188
MinimumVisualStudioVersion = 10.0.40219.1
Project("{FAE04EC0-301F-11D3-BF4B-00C04F79EFBC}") = "KarnelTravelAgency", "KarnelTravelAgency\KarnelTravelAgency.csproj", "{6890AD14-D863-4733-883E-C80F2B14C24E}"
EndProject
Project("{FAE04EC0-301F-11D3-BF4B-00C04F79EFBC}") = "KarnelTravelAgency.Core", "KarnelTravelAgency.Core\KarnelTravelAgency.Core.csproj", "{2A0A39AD-739D-4735-ACD2-0AAC1628758D}"
EndProject
Project("{FAE04EC0-301F-11D3-BF4B-00C04F79EFBC}") = "KarnelTravelAgency.Repository", "KarnelTravelAgency.Repository\KarnelTravelAgency.Repository.csproj", "{A0ACD63E-9A9F-4F79-9406-C1D66CAA5744}"
EndProject
Global
	GlobalSection(SolutionConfigurationPlatforms) = preSolution
		Debug|Any CPU = Debug|Any CPU
		Release|Any CPU = Release|Any CPU
	EndGlobalSection
	GlobalSection(ProjectConfigurationPlatforms) = postSolution
		{6890AD14-D863-4733-883E-C80F2B14C24E}.Debug|Any CPU.ActiveCfg = Debug|Any CPU
		{6890AD14-D863-4733-883E-C80F2B14C24E}.Debug|Any CPU.Build.0 = Debug|Any CPU
		{6890AD14-D863-4733-883E-C80F2B14C24E}.Release|Any CPU.ActiveCfg = Release|Any CPU
		{6890AD14-D863-4733-883E-C80F2B14C24E}.Release|Any CPU.Build.0 = Release|Any CPU
		{2A0A39AD-739D-4735-ACD2-0AAC1628758D}.Debug|Any CPU.ActiveCfg = Debug|Any CPU
		{2A0A39AD-739D-4735-ACD2-0AAC1628758D}.Debug|Any CPU.Build.0 = Debug|Any CPU
		{2A0A39AD-739D-4735-ACD2-0AAC1628758D}.Release|Any CPU.ActiveCfg = Release|Any CPU
		{2A0A39AD-739D-4735-ACD2-0AAC1628758D}.Release|Any CPU.Build.0 = Release|Any CPU
		{A0ACD63E-9A9F-4F79-9406-C1D66CAA5744}.Debug|Any CPU.ActiveCfg = Debug|Any CPU
		{A0ACD63E-9A9F-4F79-9406-C1D66CAA5744}.Debug|Any CPU.Build.0 = Debug|Any CPU
		{A0ACD63E-9A9F-4F79-9406-C1D66CAA5744}.Release|Any CPU.ActiveCfg = Release|Any CPU
		{A0ACD63E-9A9F-4F79-9406-C1D66CAA5744}.Release|Any CPU.Build.0 = Release|Any CPU
	EndGlobalSection
	GlobalSection(SolutionProperties) = preSolution
		HideSolutionNode = FALSE
	EndGlobalSection
	GlobalSection(ExtensibilityGlobals) = postSolution
		SolutionGuid = {C43EACFB-39CD-4D39-819A-BB56B3A462A7}
	EndGlobalSection
EndGlobal
